
Microsoft Visual Studio Solution File, Format Version 12.00
# Visual Studio Version 17
VisualStudioVersion = 17.11.35208.52
MinimumVisualStudioVersion = 10.0.40219.1
Project("{FAE04EC0-301F-11D3-BF4B-00C04F79EFBC}") = "Week3", "Week3\Week3.csproj", "{F9B439DB-D06B-4E5E-8C43-15D566904EA1}"
EndProject
Global
	GlobalSection(SolutionConfigurationPlatforms) = preSolution
		Debug|Any CPU = Debug|Any CPU
		Release|Any CPU = Release|Any CPU
	EndGlobalSection
	GlobalSection(ProjectConfigurationPlatforms) = postSolution
		{F9B439DB-D06B-4E5E-8C43-15D566904EA1}.Debug|Any CPU.ActiveCfg = Debug|Any CPU
		{F9B439DB-D06B-4E5E-8C43-15D566904EA1}.Debug|Any CPU.Build.0 = Debug|Any CPU
		{F9B439DB-D06B-4E5E-8C43-15D566904EA1}.Release|Any CPU.ActiveCfg = Release|Any CPU
		{F9B439DB-D06B-4E5E-8C43-15D566904EA1}.Release|Any CPU.Build.0 = Release|Any CPU
	EndGlobalSection
	GlobalSection(SolutionProperties) = preSolution
		HideSolutionNode = FALSE
	EndGlobalSection
	GlobalSection(ExtensibilityGlobals) = postSolution
		SolutionGuid = {5FC0DAB1-5BA5-4BFA-A1FC-E531637D7156}
	EndGlobalSection
EndGlobal
